# THIS IS AN AUTOGENERATED FILE. DO NOT EDIT THIS FILE DIRECTLY.
# yarn lockfile v1


"@jargon/alexa-skill-sdk@../../../..":
  version "0.1.0"
  dependencies:
    i18next "^11.9.0"
    i18next-icu "^0.6.0"
    i18next-sync-fs-backend "^1.1.0"
    intl-messageformat "^2.2.0"

argparse@^1.0.2:
  version "1.0.10"
  resolved "https://registry.yarnpkg.com/argparse/-/argparse-1.0.10.tgz#bcd6791ea5ae09725e17e5ad988134cd40b3d911"
  integrity sha512-o5Roy6tNG4SL/FOkCAN6RzjiakZS25RLYFrcMttJqbdd8BWrnA+fGz57iN5Pb06pvBGvl5gQ0B48dJlslXvoTg==
  dependencies:
    sprintf-js "~1.0.2"

ask-sdk-core@^2.0.0:
  version "2.0.10"
  resolved "https://registry.yarnpkg.com/ask-sdk-core/-/ask-sdk-core-2.0.10.tgz#8fd07c39ea267bebafd2dfb5f47202ebef8d71d3"
  integrity sha512-F3Sy7POfWV5sj1blRIwg9NCXePeN3jpYrlTEPOG69GqoJrn9foF4NwTmjA5DgyzYaXO62QKNY2mUAO5SkFWZWA==

ask-sdk-model@^1.0.0:
  version "1.6.0"
  resolved "https://registry.yarnpkg.com/ask-sdk-model/-/ask-sdk-model-1.6.0.tgz#1122729a35017f348ad62cc1b008b1e72ca2784e"
  integrity sha512-M6y3+A+G0yRIlMB+3lQKXhly4abyphzSmVzWyMPgSk8/VoTFpzi5EdzfYFrewMzVPfNnwGP0pUimfMxZkazqCg==

esprima@^2.6.0:
  version "2.7.3"
  resolved "https://registry.yarnpkg.com/esprima/-/esprima-2.7.3.tgz#96e3b70d5779f6ad49cd032673d1c312767ba581"
  integrity sha1-luO3DVd59q1JzQMmc9HDEnZ7pYE=

i18next-icu@^0.6.0:
  version "0.6.0"
  resolved "https://registry.yarnpkg.com/i18next-icu/-/i18next-icu-0.6.0.tgz#23a0db74443e0abfb88ca01923cc9a0728a34f7d"
  integrity sha512-8s/2FVdd0ZSNzrtXAStv3aMCnSr/2RttCKw03Uze3L2vLTRL6X5rgqSvCYi8hGdGeljCd3LG1SMkQ1iXejQpjg==
  dependencies:
    intl-messageformat "2.2.0"

i18next-sync-fs-backend@^1.1.0:
  version "1.1.0"
  resolved "https://registry.yarnpkg.com/i18next-sync-fs-backend/-/i18next-sync-fs-backend-1.1.0.tgz#abacb1f6624bc9d3cffc5e7d3a0871df3cd47afa"
  integrity sha512-Lj2QE06GB77hNtkG60vJ5mRQWDKTIaCnVkQYfp9j9NHbvICpKlidtrR6fewVSWHQLxxfjFzNniI7vVB7b5LpUw==
  dependencies:
    js-yaml "3.5.4"
    json5 "0.5.0"

i18next@^11.9.0:
  version "11.9.0"
  resolved "https://registry.yarnpkg.com/i18next/-/i18next-11.9.0.tgz#c30c0a5e0a857124923a8dd1ce8f1df603e30c70"
  integrity sha512-NDuIoELzyJ+29kc29j9aKgzjZht4kEKh3PPdz0qCEC9ZUpgRVaWUdkMRES/NVTcpe1ei4MMwY8DNWBWCIUlAng==

intl-messageformat-parser@1.4.0:
  version "1.4.0"
  resolved "https://registry.yarnpkg.com/intl-messageformat-parser/-/intl-messageformat-parser-1.4.0.tgz#b43d45a97468cadbe44331d74bb1e8dea44fc075"
  integrity sha1-tD1FqXRoytvkQzHXS7Ho3qRPwHU=

intl-messageformat@2.2.0, intl-messageformat@^2.2.0:
  version "2.2.0"
  resolved "https://registry.yarnpkg.com/intl-messageformat/-/intl-messageformat-2.2.0.tgz#345bcd46de630b7683330c2e52177ff5eab484fc"
  integrity sha1-NFvNRt5jC3aDMwwuUhd/9eq0hPw=
  dependencies:
    intl-messageformat-parser "1.4.0"

js-yaml@3.5.4:
  version "3.5.4"
  resolved "https://registry.yarnpkg.com/js-yaml/-/js-yaml-3.5.4.tgz#f64f16dcd78beb9ce8361068e733ebe47b079179"
  integrity sha1-9k8W3NeL65zoNhBo5zPr5HsHkXk=
  dependencies:
    argparse "^1.0.2"
    esprima "^2.6.0"

json5@0.5.0:
  version "0.5.0"
  resolved "https://registry.yarnpkg.com/json5/-/json5-0.5.0.tgz#9b20715b026cbe3778fd769edccd822d8332a5b2"
  integrity sha1-myBxWwJsvjd4/Xae3M2CLYMypbI=

sprintf-js@~1.0.2:
  version "1.0.3"
  resolved "https://registry.yarnpkg.com/sprintf-js/-/sprintf-js-1.0.3.tgz#04e6926f662895354f3dd015203633b857297e2c"
  integrity sha1-BOaSb2YolTVPPdAVIDYzuFcpfiw=
